
Microsoft Visual Studio Solution File, Format Version 12.00
# Visual Studio Version 17
VisualStudioVersion = 17.0.31903.59
MinimumVisualStudioVersion = 10.0.40219.1
Project("{2150E333-8FDC-42A3-9474-1A3956D46DE8}") = "src", "src", "{827E0CD3-B72D-47B6-A68D-7590B98EB39B}"
EndProject
Project("{FAE04EC0-301F-11D3-BF4B-00C04F79EFBC}") = "CATRA.Core", "src\CATRA.Core\CATRA.Core.csproj", "{C214E063-FAAB-44C4-A0F5-AF0BF9599108}"
EndProject
Project("{FAE04EC0-301F-11D3-BF4B-00C04F79EFBC}") = "CATRA.Data", "src\CATRA.Data\CATRA.Data.csproj", "{B9C42F76-D546-4114-97C3-53F75BB43414}"
EndProject
Project("{FAE04EC0-301F-11D3-BF4B-00C04F79EFBC}") = "CATRA.Services", "src\CATRA.Services\CATRA.Services.csproj", "{A73B3E9B-891E-4099-8E40-C52DE698D09E}"
EndProject
Project("{FAE04EC0-301F-11D3-BF4B-00C04F79EFBC}") = "CATRA.UI", "src\CATRA.UI\CATRA.UI.csproj", "{0B0A5322-603F-4B89-8BD0-D33D86259AB9}"
EndProject
Project("{FAE04EC0-301F-11D3-BF4B-00C04F79EFBC}") = "CATRA.App", "src\CATRA.App\CATRA.App.csproj", "{BBC69C56-5BBE-41FB-86A3-D799F0D6E5D0}"
EndProject
Project("{2150E333-8FDC-42A3-9474-1A3956D46DE8}") = "tests", "tests", "{0AB3BF05-4346-4AA6-1389-037BE0695223}"
EndProject
Project("{FAE04EC0-301F-11D3-BF4B-00C04F79EFBC}") = "CATRA.Core.Tests", "tests\CATRA.Core.Tests\CATRA.Core.Tests.csproj", "{4CF183FE-E365-47EC-930A-2E1A82FC614B}"
EndProject
Project("{FAE04EC0-301F-11D3-BF4B-00C04F79EFBC}") = "CATRA.Services.Tests", "tests\CATRA.Services.Tests\CATRA.Services.Tests.csproj", "{3966AD6A-B8AD-48A4-8E94-82EB59E84B7B}"
EndProject
Project("{FAE04EC0-301F-11D3-BF4B-00C04F79EFBC}") = "CATRA.Data.Tests", "tests\CATRA.Data.Tests\CATRA.Data.Tests.csproj", "{8BA8827B-353B-4B4F-B64E-81B2050B527E}"
EndProject
Global
	GlobalSection(SolutionConfigurationPlatforms) = preSolution
		Debug|Any CPU = Debug|Any CPU
		Debug|x64 = Debug|x64
		Debug|x86 = Debug|x86
		Release|Any CPU = Release|Any CPU
		Release|x64 = Release|x64
		Release|x86 = Release|x86
	EndGlobalSection
	GlobalSection(ProjectConfigurationPlatforms) = postSolution
		{C214E063-FAAB-44C4-A0F5-AF0BF9599108}.Debug|Any CPU.ActiveCfg = Debug|Any CPU
		{C214E063-FAAB-44C4-A0F5-AF0BF9599108}.Debug|Any CPU.Build.0 = Debug|Any CPU
		{C214E063-FAAB-44C4-A0F5-AF0BF9599108}.Debug|x64.ActiveCfg = Debug|Any CPU
		{C214E063-FAAB-44C4-A0F5-AF0BF9599108}.Debug|x64.Build.0 = Debug|Any CPU
		{C214E063-FAAB-44C4-A0F5-AF0BF9599108}.Debug|x86.ActiveCfg = Debug|Any CPU
		{C214E063-FAAB-44C4-A0F5-AF0BF9599108}.Debug|x86.Build.0 = Debug|Any CPU
		{C214E063-FAAB-44C4-A0F5-AF0BF9599108}.Release|Any CPU.ActiveCfg = Release|Any CPU
		{C214E063-FAAB-44C4-A0F5-AF0BF9599108}.Release|Any CPU.Build.0 = Release|Any CPU
		{C214E063-FAAB-44C4-A0F5-AF0BF9599108}.Release|x64.ActiveCfg = Release|Any CPU
		{C214E063-FAAB-44C4-A0F5-AF0BF9599108}.Release|x64.Build.0 = Release|Any CPU
		{C214E063-FAAB-44C4-A0F5-AF0BF9599108}.Release|x86.ActiveCfg = Release|Any CPU
		{C214E063-FAAB-44C4-A0F5-AF0BF9599108}.Release|x86.Build.0 = Release|Any CPU
		{B9C42F76-D546-4114-97C3-53F75BB43414}.Debug|Any CPU.ActiveCfg = Debug|Any CPU
		{B9C42F76-D546-4114-97C3-53F75BB43414}.Debug|Any CPU.Build.0 = Debug|Any CPU
		{B9C42F76-D546-4114-97C3-53F75BB43414}.Debug|x64.ActiveCfg = Debug|Any CPU
		{B9C42F76-D546-4114-97C3-53F75BB43414}.Debug|x64.Build.0 = Debug|Any CPU
		{B9C42F76-D546-4114-97C3-53F75BB43414}.Debug|x86.ActiveCfg = Debug|Any CPU
		{B9C42F76-D546-4114-97C3-53F75BB43414}.Debug|x86.Build.0 = Debug|Any CPU
		{B9C42F76-D546-4114-97C3-53F75BB43414}.Release|Any CPU.ActiveCfg = Release|Any CPU
		{B9C42F76-D546-4114-97C3-53F75BB43414}.Release|Any CPU.Build.0 = Release|Any CPU
		{B9C42F76-D546-4114-97C3-53F75BB43414}.Release|x64.ActiveCfg = Release|Any CPU
		{B9C42F76-D546-4114-97C3-53F75BB43414}.Release|x64.Build.0 = Release|Any CPU
		{B9C42F76-D546-4114-97C3-53F75BB43414}.Release|x86.ActiveCfg = Release|Any CPU
		{B9C42F76-D546-4114-97C3-53F75BB43414}.Release|x86.Build.0 = Release|Any CPU
		{A73B3E9B-891E-4099-8E40-C52DE698D09E}.Debug|Any CPU.ActiveCfg = Debug|Any CPU
		{A73B3E9B-891E-4099-8E40-C52DE698D09E}.Debug|Any CPU.Build.0 = Debug|Any CPU
		{A73B3E9B-891E-4099-8E40-C52DE698D09E}.Debug|x64.ActiveCfg = Debug|Any CPU
		{A73B3E9B-891E-4099-8E40-C52DE698D09E}.Debug|x64.Build.0 = Debug|Any CPU
		{A73B3E9B-891E-4099-8E40-C52DE698D09E}.Debug|x86.ActiveCfg = Debug|Any CPU
		{A73B3E9B-891E-4099-8E40-C52DE698D09E}.Debug|x86.Build.0 = Debug|Any CPU
		{A73B3E9B-891E-4099-8E40-C52DE698D09E}.Release|Any CPU.ActiveCfg = Release|Any CPU
		{A73B3E9B-891E-4099-8E40-C52DE698D09E}.Release|Any CPU.Build.0 = Release|Any CPU
		{A73B3E9B-891E-4099-8E40-C52DE698D09E}.Release|x64.ActiveCfg = Release|Any CPU
		{A73B3E9B-891E-4099-8E40-C52DE698D09E}.Release|x64.Build.0 = Release|Any CPU
		{A73B3E9B-891E-4099-8E40-C52DE698D09E}.Release|x86.ActiveCfg = Release|Any CPU
		{A73B3E9B-891E-4099-8E40-C52DE698D09E}.Release|x86.Build.0 = Release|Any CPU
		{0B0A5322-603F-4B89-8BD0-D33D86259AB9}.Debug|Any CPU.ActiveCfg = Debug|Any CPU
		{0B0A5322-603F-4B89-8BD0-D33D86259AB9}.Debug|Any CPU.Build.0 = Debug|Any CPU
		{0B0A5322-603F-4B89-8BD0-D33D86259AB9}.Debug|x64.ActiveCfg = Debug|Any CPU
		{0B0A5322-603F-4B89-8BD0-D33D86259AB9}.Debug|x64.Build.0 = Debug|Any CPU
		{0B0A5322-603F-4B89-8BD0-D33D86259AB9}.Debug|x86.ActiveCfg = Debug|Any CPU
		{0B0A5322-603F-4B89-8BD0-D33D86259AB9}.Debug|x86.Build.0 = Debug|Any CPU
		{0B0A5322-603F-4B89-8BD0-D33D86259AB9}.Release|Any CPU.ActiveCfg = Release|Any CPU
		{0B0A5322-603F-4B89-8BD0-D33D86259AB9}.Release|Any CPU.Build.0 = Release|Any CPU
		{0B0A5322-603F-4B89-8BD0-D33D86259AB9}.Release|x64.ActiveCfg = Release|Any CPU
		{0B0A5322-603F-4B89-8BD0-D33D86259AB9}.Release|x64.Build.0 = Release|Any CPU
		{0B0A5322-603F-4B89-8BD0-D33D86259AB9}.Release|x86.ActiveCfg = Release|Any CPU
		{0B0A5322-603F-4B89-8BD0-D33D86259AB9}.Release|x86.Build.0 = Release|Any CPU
		{BBC69C56-5BBE-41FB-86A3-D799F0D6E5D0}.Debug|Any CPU.ActiveCfg = Debug|Any CPU
		{BBC69C56-5BBE-41FB-86A3-D799F0D6E5D0}.Debug|Any CPU.Build.0 = Debug|Any CPU
		{BBC69C56-5BBE-41FB-86A3-D799F0D6E5D0}.Debug|x64.ActiveCfg = Debug|Any CPU
		{BBC69C56-5BBE-41FB-86A3-D799F0D6E5D0}.Debug|x64.Build.0 = Debug|Any CPU
		{BBC69C56-5BBE-41FB-86A3-D799F0D6E5D0}.Debug|x86.ActiveCfg = Debug|Any CPU
		{BBC69C56-5BBE-41FB-86A3-D799F0D6E5D0}.Debug|x86.Build.0 = Debug|Any CPU
		{BBC69C56-5BBE-41FB-86A3-D799F0D6E5D0}.Release|Any CPU.ActiveCfg = Release|Any CPU
		{BBC69C56-5BBE-41FB-86A3-D799F0D6E5D0}.Release|Any CPU.Build.0 = Release|Any CPU
		{BBC69C56-5BBE-41FB-86A3-D799F0D6E5D0}.Release|x64.ActiveCfg = Release|Any CPU
		{BBC69C56-5BBE-41FB-86A3-D799F0D6E5D0}.Release|x64.Build.0 = Release|Any CPU
		{BBC69C56-5BBE-41FB-86A3-D799F0D6E5D0}.Release|x86.ActiveCfg = Release|Any CPU
		{BBC69C56-5BBE-41FB-86A3-D799F0D6E5D0}.Release|x86.Build.0 = Release|Any CPU
		{4CF183FE-E365-47EC-930A-2E1A82FC614B}.Debug|Any CPU.ActiveCfg = Debug|Any CPU
		{4CF183FE-E365-47EC-930A-2E1A82FC614B}.Debug|Any CPU.Build.0 = Debug|Any CPU
		{4CF183FE-E365-47EC-930A-2E1A82FC614B}.Debug|x64.ActiveCfg = Debug|Any CPU
		{4CF183FE-E365-47EC-930A-2E1A82FC614B}.Debug|x64.Build.0 = Debug|Any CPU
		{4CF183FE-E365-47EC-930A-2E1A82FC614B}.Debug|x86.ActiveCfg = Debug|Any CPU
		{4CF183FE-E365-47EC-930A-2E1A82FC614B}.Debug|x86.Build.0 = Debug|Any CPU
		{4CF183FE-E365-47EC-930A-2E1A82FC614B}.Release|Any CPU.ActiveCfg = Release|Any CPU
		{4CF183FE-E365-47EC-930A-2E1A82FC614B}.Release|Any CPU.Build.0 = Release|Any CPU
		{4CF183FE-E365-47EC-930A-2E1A82FC614B}.Release|x64.ActiveCfg = Release|Any CPU
		{4CF183FE-E365-47EC-930A-2E1A82FC614B}.Release|x64.Build.0 = Release|Any CPU
		{4CF183FE-E365-47EC-930A-2E1A82FC614B}.Release|x86.ActiveCfg = Release|Any CPU
		{4CF183FE-E365-47EC-930A-2E1A82FC614B}.Release|x86.Build.0 = Release|Any CPU
		{3966AD6A-B8AD-48A4-8E94-82EB59E84B7B}.Debug|Any CPU.ActiveCfg = Debug|Any CPU
		{3966AD6A-B8AD-48A4-8E94-82EB59E84B7B}.Debug|Any CPU.Build.0 = Debug|Any CPU
		{3966AD6A-B8AD-48A4-8E94-82EB59E84B7B}.Debug|x64.ActiveCfg = Debug|Any CPU
		{3966AD6A-B8AD-48A4-8E94-82EB59E84B7B}.Debug|x64.Build.0 = Debug|Any CPU
		{3966AD6A-B8AD-48A4-8E94-82EB59E84B7B}.Debug|x86.ActiveCfg = Debug|Any CPU
		{3966AD6A-B8AD-48A4-8E94-82EB59E84B7B}.Debug|x86.Build.0 = Debug|Any CPU
		{3966AD6A-B8AD-48A4-8E94-82EB59E84B7B}.Release|Any CPU.ActiveCfg = Release|Any CPU
		{3966AD6A-B8AD-48A4-8E94-82EB59E84B7B}.Release|Any CPU.Build.0 = Release|Any CPU
		{3966AD6A-B8AD-48A4-8E94-82EB59E84B7B}.Release|x64.ActiveCfg = Release|Any CPU
		{3966AD6A-B8AD-48A4-8E94-82EB59E84B7B}.Release|x64.Build.0 = Release|Any CPU
		{3966AD6A-B8AD-48A4-8E94-82EB59E84B7B}.Release|x86.ActiveCfg = Release|Any CPU
		{3966AD6A-B8AD-48A4-8E94-82EB59E84B7B}.Release|x86.Build.0 = Release|Any CPU
		{8BA8827B-353B-4B4F-B64E-81B2050B527E}.Debug|Any CPU.ActiveCfg = Debug|Any CPU
		{8BA8827B-353B-4B4F-B64E-81B2050B527E}.Debug|Any CPU.Build.0 = Debug|Any CPU
		{8BA8827B-353B-4B4F-B64E-81B2050B527E}.Debug|x64.ActiveCfg = Debug|Any CPU
		{8BA8827B-353B-4B4F-B64E-81B2050B527E}.Debug|x64.Build.0 = Debug|Any CPU
		{8BA8827B-353B-4B4F-B64E-81B2050B527E}.Debug|x86.ActiveCfg = Debug|Any CPU
		{8BA8827B-353B-4B4F-B64E-81B2050B527E}.Debug|x86.Build.0 = Debug|Any CPU
		{8BA8827B-353B-4B4F-B64E-81B2050B527E}.Release|Any CPU.ActiveCfg = Release|Any CPU
		{8BA8827B-353B-4B4F-B64E-81B2050B527E}.Release|Any CPU.Build.0 = Release|Any CPU
		{8BA8827B-353B-4B4F-B64E-81B2050B527E}.Release|x64.ActiveCfg = Release|Any CPU
		{8BA8827B-353B-4B4F-B64E-81B2050B527E}.Release|x64.Build.0 = Release|Any CPU
		{8BA8827B-353B-4B4F-B64E-81B2050B527E}.Release|x86.ActiveCfg = Release|Any CPU
		{8BA8827B-353B-4B4F-B64E-81B2050B527E}.Release|x86.Build.0 = Release|Any CPU
	EndGlobalSection
	GlobalSection(SolutionProperties) = preSolution
		HideSolutionNode = FALSE
	EndGlobalSection
	GlobalSection(NestedProjects) = preSolution
		{C214E063-FAAB-44C4-A0F5-AF0BF9599108} = {827E0CD3-B72D-47B6-A68D-7590B98EB39B}
		{B9C42F76-D546-4114-97C3-53F75BB43414} = {827E0CD3-B72D-47B6-A68D-7590B98EB39B}
		{A73B3E9B-891E-4099-8E40-C52DE698D09E} = {827E0CD3-B72D-47B6-A68D-7590B98EB39B}
		{0B0A5322-603F-4B89-8BD0-D33D86259AB9} = {827E0CD3-B72D-47B6-A68D-7590B98EB39B}
		{BBC69C56-5BBE-41FB-86A3-D799F0D6E5D0} = {827E0CD3-B72D-47B6-A68D-7590B98EB39B}
		{4CF183FE-E365-47EC-930A-2E1A82FC614B} = {0AB3BF05-4346-4AA6-1389-037BE0695223}
		{3966AD6A-B8AD-48A4-8E94-82EB59E84B7B} = {0AB3BF05-4346-4AA6-1389-037BE0695223}
		{8BA8827B-353B-4B4F-B64E-81B2050B527E} = {0AB3BF05-4346-4AA6-1389-037BE0695223}
	EndGlobalSection
EndGlobal
